
Microsoft Visual Studio Solution File, Format Version 12.00
# Visual Studio 14
VisualStudioVersion = 14.0.25123.0
MinimumVisualStudioVersion = 10.0.40219.1
Project("{FAE04EC0-301F-11D3-BF4B-00C04F79EFBC}") = "App.Droid", "App\App.Droid\App.Droid.csproj", "{68676A1E-C1E1-4731-9B04-F67DBE403EE0}"
EndProject
Project("{FAE04EC0-301F-11D3-BF4B-00C04F79EFBC}") = "App.iOS", "App\App.iOS\App.iOS.csproj", "{E21D3441-E390-48EA-93C7-B03A64A58504}"
EndProject
Project("{FAE04EC0-301F-11D3-BF4B-00C04F79EFBC}") = "App", "App\App\App.csproj", "{6B58F81D-A7FE-4B3D-8949-A806D29DF68D}"
EndProject
Project("{FAE04EC0-301F-11D3-BF4B-00C04F79EFBC}") = "ConsoleApplication1", "ConsoleApplication1\ConsoleApplication1.csproj", "{A7F24162-9824-42D9-AE4D-B49410030334}"
EndProject
Global
	GlobalSection(SolutionConfigurationPlatforms) = preSolution
		Ad-Hoc|Any CPU = Ad-Hoc|Any CPU
		Ad-Hoc|ARM = Ad-Hoc|ARM
		Ad-Hoc|iPhone = Ad-Hoc|iPhone
		Ad-Hoc|iPhoneSimulator = Ad-Hoc|iPhoneSimulator
		Ad-Hoc|x64 = Ad-Hoc|x64
		Ad-Hoc|x86 = Ad-Hoc|x86
		AppStore|Any CPU = AppStore|Any CPU
		AppStore|ARM = AppStore|ARM
		AppStore|iPhone = AppStore|iPhone
		AppStore|iPhoneSimulator = AppStore|iPhoneSimulator
		AppStore|x64 = AppStore|x64
		AppStore|x86 = AppStore|x86
		Debug|Any CPU = Debug|Any CPU
		Debug|ARM = Debug|ARM
		Debug|iPhone = Debug|iPhone
		Debug|iPhoneSimulator = Debug|iPhoneSimulator
		Debug|x64 = Debug|x64
		Debug|x86 = Debug|x86
		Release|Any CPU = Release|Any CPU
		Release|ARM = Release|ARM
		Release|iPhone = Release|iPhone
		Release|iPhoneSimulator = Release|iPhoneSimulator
		Release|x64 = Release|x64
		Release|x86 = Release|x86
	EndGlobalSection
	GlobalSection(ProjectConfigurationPlatforms) = postSolution
		{68676A1E-C1E1-4731-9B04-F67DBE403EE0}.Ad-Hoc|Any CPU.ActiveCfg = Release|Any CPU
		{68676A1E-C1E1-4731-9B04-F67DBE403EE0}.Ad-Hoc|Any CPU.Build.0 = Release|Any CPU
		{68676A1E-C1E1-4731-9B04-F67DBE403EE0}.Ad-Hoc|Any CPU.Deploy.0 = Release|Any CPU
		{68676A1E-C1E1-4731-9B04-F67DBE403EE0}.Ad-Hoc|ARM.ActiveCfg = Release|Any CPU
		{68676A1E-C1E1-4731-9B04-F67DBE403EE0}.Ad-Hoc|ARM.Build.0 = Release|Any CPU
		{68676A1E-C1E1-4731-9B04-F67DBE403EE0}.Ad-Hoc|ARM.Deploy.0 = Release|Any CPU
		{68676A1E-C1E1-4731-9B04-F67DBE403EE0}.Ad-Hoc|iPhone.ActiveCfg = Release|Any CPU
		{68676A1E-C1E1-4731-9B04-F67DBE403EE0}.Ad-Hoc|iPhone.Build.0 = Release|Any CPU
		{68676A1E-C1E1-4731-9B04-F67DBE403EE0}.Ad-Hoc|iPhone.Deploy.0 = Release|Any CPU
		{68676A1E-C1E1-4731-9B04-F67DBE403EE0}.Ad-Hoc|iPhoneSimulator.ActiveCfg = Release|Any CPU
		{68676A1E-C1E1-4731-9B04-F67DBE403EE0}.Ad-Hoc|iPhoneSimulator.Build.0 = Release|Any CPU
		{68676A1E-C1E1-4731-9B04-F67DBE403EE0}.Ad-Hoc|iPhoneSimulator.Deploy.0 = Release|Any CPU
		{68676A1E-C1E1-4731-9B04-F67DBE403EE0}.Ad-Hoc|x64.ActiveCfg = Release|Any CPU
		{68676A1E-C1E1-4731-9B04-F67DBE403EE0}.Ad-Hoc|x64.Build.0 = Release|Any CPU
		{68676A1E-C1E1-4731-9B04-F67DBE403EE0}.Ad-Hoc|x64.Deploy.0 = Release|Any CPU
		{68676A1E-C1E1-4731-9B04-F67DBE403EE0}.Ad-Hoc|x86.ActiveCfg = Release|Any CPU
		{68676A1E-C1E1-4731-9B04-F67DBE403EE0}.Ad-Hoc|x86.Build.0 = Release|Any CPU
		{68676A1E-C1E1-4731-9B04-F67DBE403EE0}.Ad-Hoc|x86.Deploy.0 = Release|Any CPU
		{68676A1E-C1E1-4731-9B04-F67DBE403EE0}.AppStore|Any CPU.ActiveCfg = Release|Any CPU
		{68676A1E-C1E1-4731-9B04-F67DBE403EE0}.AppStore|Any CPU.Build.0 = Release|Any CPU
		{68676A1E-C1E1-4731-9B04-F67DBE403EE0}.AppStore|Any CPU.Deploy.0 = Release|Any CPU
		{68676A1E-C1E1-4731-9B04-F67DBE403EE0}.AppStore|ARM.ActiveCfg = Release|Any CPU
		{68676A1E-C1E1-4731-9B04-F67DBE403EE0}.AppStore|ARM.Build.0 = Release|Any CPU
		{68676A1E-C1E1-4731-9B04-F67DBE403EE0}.AppStore|ARM.Deploy.0 = Release|Any CPU
		{68676A1E-C1E1-4731-9B04-F67DBE403EE0}.AppStore|iPhone.ActiveCfg = Release|Any CPU
		{68676A1E-C1E1-4731-9B04-F67DBE403EE0}.AppStore|iPhone.Build.0 = Release|Any CPU
		{68676A1E-C1E1-4731-9B04-F67DBE403EE0}.AppStore|iPhone.Deploy.0 = Release|Any CPU
		{68676A1E-C1E1-4731-9B04-F67DBE403EE0}.AppStore|iPhoneSimulator.ActiveCfg = Release|Any CPU
		{68676A1E-C1E1-4731-9B04-F67DBE403EE0}.AppStore|iPhoneSimulator.Build.0 = Release|Any CPU
		{68676A1E-C1E1-4731-9B04-F67DBE403EE0}.AppStore|iPhoneSimulator.Deploy.0 = Release|Any CPU
		{68676A1E-C1E1-4731-9B04-F67DBE403EE0}.AppStore|x64.ActiveCfg = Release|Any CPU
		{68676A1E-C1E1-4731-9B04-F67DBE403EE0}.AppStore|x64.Build.0 = Release|Any CPU
		{68676A1E-C1E1-4731-9B04-F67DBE403EE0}.AppStore|x64.Deploy.0 = Release|Any CPU
		{68676A1E-C1E1-4731-9B04-F67DBE403EE0}.AppStore|x86.ActiveCfg = Release|Any CPU
		{68676A1E-C1E1-4731-9B04-F67DBE403EE0}.AppStore|x86.Build.0 = Release|Any CPU
		{68676A1E-C1E1-4731-9B04-F67DBE403EE0}.AppStore|x86.Deploy.0 = Release|Any CPU
		{68676A1E-C1E1-4731-9B04-F67DBE403EE0}.Debug|Any CPU.ActiveCfg = Debug|Any CPU
		{68676A1E-C1E1-4731-9B04-F67DBE403EE0}.Debug|Any CPU.Build.0 = Debug|Any CPU
		{68676A1E-C1E1-4731-9B04-F67DBE403EE0}.Debug|Any CPU.Deploy.0 = Debug|Any CPU
		{68676A1E-C1E1-4731-9B04-F67DBE403EE0}.Debug|ARM.ActiveCfg = Debug|Any CPU
		{68676A1E-C1E1-4731-9B04-F67DBE403EE0}.Debug|ARM.Build.0 = Debug|Any CPU
		{68676A1E-C1E1-4731-9B04-F67DBE403EE0}.Debug|ARM.Deploy.0 = Debug|Any CPU
		{68676A1E-C1E1-4731-9B04-F67DBE403EE0}.Debug|iPhone.ActiveCfg = Debug|Any CPU
		{68676A1E-C1E1-4731-9B04-F67DBE403EE0}.Debug|iPhone.Build.0 = Debug|Any CPU
		{68676A1E-C1E1-4731-9B04-F67DBE403EE0}.Debug|iPhone.Deploy.0 = Debug|Any CPU
		{68676A1E-C1E1-4731-9B04-F67DBE403EE0}.Debug|iPhoneSimulator.ActiveCfg = Debug|Any CPU
		{68676A1E-C1E1-4731-9B04-F67DBE403EE0}.Debug|iPhoneSimulator.Build.0 = Debug|Any CPU
		{68676A1E-C1E1-4731-9B04-F67DBE403EE0}.Debug|iPhoneSimulator.Deploy.0 = Debug|Any CPU
		{68676A1E-C1E1-4731-9B04-F67DBE403EE0}.Debug|x64.ActiveCfg = Debug|Any CPU
		{68676A1E-C1E1-4731-9B04-F67DBE403EE0}.Debug|x64.Build.0 = Debug|Any CPU
		{68676A1E-C1E1-4731-9B04-F67DBE403EE0}.Debug|x64.Deploy.0 = Debug|Any CPU
		{68676A1E-C1E1-4731-9B04-F67DBE403EE0}.Debug|x86.ActiveCfg = Debug|Any CPU
		{68676A1E-C1E1-4731-9B04-F67DBE403EE0}.Debug|x86.Build.0 = Debug|Any CPU
		{68676A1E-C1E1-4731-9B04-F67DBE403EE0}.Debug|x86.Deploy.0 = Debug|Any CPU
		{68676A1E-C1E1-4731-9B04-F67DBE403EE0}.Release|Any CPU.ActiveCfg = Release|Any CPU
		{68676A1E-C1E1-4731-9B04-F67DBE403EE0}.Release|Any CPU.Build.0 = Release|Any CPU
		{68676A1E-C1E1-4731-9B04-F67DBE403EE0}.Release|Any CPU.Deploy.0 = Release|Any CPU
		{68676A1E-C1E1-4731-9B04-F67DBE403EE0}.Release|ARM.ActiveCfg = Release|Any CPU
		{68676A1E-C1E1-4731-9B04-F67DBE403EE0}.Release|ARM.Build.0 = Release|Any CPU
		{68676A1E-C1E1-4731-9B04-F67DBE403EE0}.Release|ARM.Deploy.0 = Release|Any CPU
		{68676A1E-C1E1-4731-9B04-F67DBE403EE0}.Release|iPhone.ActiveCfg = Release|Any CPU
		{68676A1E-C1E1-4731-9B04-F67DBE403EE0}.Release|iPhone.Build.0 = Release|Any CPU
		{68676A1E-C1E1-4731-9B04-F67DBE403EE0}.Release|iPhone.Deploy.0 = Release|Any CPU
		{68676A1E-C1E1-4731-9B04-F67DBE403EE0}.Release|iPhoneSimulator.ActiveCfg = Release|Any CPU
		{68676A1E-C1E1-4731-9B04-F67DBE403EE0}.Release|iPhoneSimulator.Build.0 = Release|Any CPU
		{68676A1E-C1E1-4731-9B04-F67DBE403EE0}.Release|iPhoneSimulator.Deploy.0 = Release|Any CPU
		{68676A1E-C1E1-4731-9B04-F67DBE403EE0}.Release|x64.ActiveCfg = Release|Any CPU
		{68676A1E-C1E1-4731-9B04-F67DBE403EE0}.Release|x64.Build.0 = Release|Any CPU
		{68676A1E-C1E1-4731-9B04-F67DBE403EE0}.Release|x64.Deploy.0 = Release|Any CPU
		{68676A1E-C1E1-4731-9B04-F67DBE403EE0}.Release|x86.ActiveCfg = Release|Any CPU
		{68676A1E-C1E1-4731-9B04-F67DBE403EE0}.Release|x86.Build.0 = Release|Any CPU
		{68676A1E-C1E1-4731-9B04-F67DBE403EE0}.Release|x86.Deploy.0 = Release|Any CPU
		{E21D3441-E390-48EA-93C7-B03A64A58504}.Ad-Hoc|Any CPU.ActiveCfg = Ad-Hoc|iPhone
		{E21D3441-E390-48EA-93C7-B03A64A58504}.Ad-Hoc|ARM.ActiveCfg = Ad-Hoc|iPhone
		{E21D3441-E390-48EA-93C7-B03A64A58504}.Ad-Hoc|iPhone.ActiveCfg = Ad-Hoc|iPhone
		{E21D3441-E390-48EA-93C7-B03A64A58504}.Ad-Hoc|iPhone.Build.0 = Ad-Hoc|iPhone
		{E21D3441-E390-48EA-93C7-B03A64A58504}.Ad-Hoc|iPhoneSimulator.ActiveCfg = Ad-Hoc|iPhoneSimulator
		{E21D3441-E390-48EA-93C7-B03A64A58504}.Ad-Hoc|iPhoneSimulator.Build.0 = Ad-Hoc|iPhoneSimulator
		{E21D3441-E390-48EA-93C7-B03A64A58504}.Ad-Hoc|x64.ActiveCfg = Ad-Hoc|iPhone
		{E21D3441-E390-48EA-93C7-B03A64A58504}.Ad-Hoc|x86.ActiveCfg = Ad-Hoc|iPhone
		{E21D3441-E390-48EA-93C7-B03A64A58504}.AppStore|Any CPU.ActiveCfg = AppStore|iPhone
		{E21D3441-E390-48EA-93C7-B03A64A58504}.AppStore|ARM.ActiveCfg = AppStore|iPhone
		{E21D3441-E390-48EA-93C7-B03A64A58504}.AppStore|iPhone.ActiveCfg = AppStore|iPhone
		{E21D3441-E390-48EA-93C7-B03A64A58504}.AppStore|iPhone.Build.0 = AppStore|iPhone
		{E21D3441-E390-48EA-93C7-B03A64A58504}.AppStore|iPhoneSimulator.ActiveCfg = AppStore|iPhoneSimulator
		{E21D3441-E390-48EA-93C7-B03A64A58504}.AppStore|iPhoneSimulator.Build.0 = AppStore|iPhoneSimulator
		{E21D3441-E390-48EA-93C7-B03A64A58504}.AppStore|x64.ActiveCfg = AppStore|iPhone
		{E21D3441-E390-48EA-93C7-B03A64A58504}.AppStore|x86.ActiveCfg = AppStore|iPhone
		{E21D3441-E390-48EA-93C7-B03A64A58504}.Debug|Any CPU.ActiveCfg = Debug|iPhone
		{E21D3441-E390-48EA-93C7-B03A64A58504}.Debug|ARM.ActiveCfg = Debug|iPhone
		{E21D3441-E390-48EA-93C7-B03A64A58504}.Debug|iPhone.ActiveCfg = Debug|iPhone
		{E21D3441-E390-48EA-93C7-B03A64A58504}.Debug|iPhone.Build.0 = Debug|iPhone
		{E21D3441-E390-48EA-93C7-B03A64A58504}.Debug|iPhoneSimulator.ActiveCfg = Debug|iPhoneSimulator
		{E21D3441-E390-48EA-93C7-B03A64A58504}.Debug|iPhoneSimulator.Build.0 = Debug|iPhoneSimulator
		{E21D3441-E390-48EA-93C7-B03A64A58504}.Debug|x64.ActiveCfg = Debug|iPhone
		{E21D3441-E390-48EA-93C7-B03A64A58504}.Debug|x86.ActiveCfg = Debug|iPhone
		{E21D3441-E390-48EA-93C7-B03A64A58504}.Release|Any CPU.ActiveCfg = Release|iPhone
		{E21D3441-E390-48EA-93C7-B03A64A58504}.Release|ARM.ActiveCfg = Release|iPhone
		{E21D3441-E390-48EA-93C7-B03A64A58504}.Release|iPhone.ActiveCfg = Release|iPhone
		{E21D3441-E390-48EA-93C7-B03A64A58504}.Release|iPhone.Build.0 = Release|iPhone
		{E21D3441-E390-48EA-93C7-B03A64A58504}.Release|iPhoneSimulator.ActiveCfg = Release|iPhoneSimulator
		{E21D3441-E390-48EA-93C7-B03A64A58504}.Release|iPhoneSimulator.Build.0 = Release|iPhoneSimulator
		{E21D3441-E390-48EA-93C7-B03A64A58504}.Release|x64.ActiveCfg = Release|iPhone
		{E21D3441-E390-48EA-93C7-B03A64A58504}.Release|x86.ActiveCfg = Release|iPhone
		{6B58F81D-A7FE-4B3D-8949-A806D29DF68D}.Ad-Hoc|Any CPU.ActiveCfg = Release|Any CPU
		{6B58F81D-A7FE-4B3D-8949-A806D29DF68D}.Ad-Hoc|Any CPU.Build.0 = Release|Any CPU
		{6B58F81D-A7FE-4B3D-8949-A806D29DF68D}.Ad-Hoc|ARM.ActiveCfg = Release|Any CPU
		{6B58F81D-A7FE-4B3D-8949-A806D29DF68D}.Ad-Hoc|ARM.Build.0 = Release|Any CPU
		{6B58F81D-A7FE-4B3D-8949-A806D29DF68D}.Ad-Hoc|iPhone.ActiveCfg = Release|Any CPU
		{6B58F81D-A7FE-4B3D-8949-A806D29DF68D}.Ad-Hoc|iPhone.Build.0 = Release|Any CPU
		{6B58F81D-A7FE-4B3D-8949-A806D29DF68D}.Ad-Hoc|iPhoneSimulator.ActiveCfg = Release|Any CPU
		{6B58F81D-A7FE-4B3D-8949-A806D29DF68D}.Ad-Hoc|iPhoneSimulator.Build.0 = Release|Any CPU
		{6B58F81D-A7FE-4B3D-8949-A806D29DF68D}.Ad-Hoc|x64.ActiveCfg = Release|Any CPU
		{6B58F81D-A7FE-4B3D-8949-A806D29DF68D}.Ad-Hoc|x64.Build.0 = Release|Any CPU
		{6B58F81D-A7FE-4B3D-8949-A806D29DF68D}.Ad-Hoc|x86.ActiveCfg = Release|Any CPU
		{6B58F81D-A7FE-4B3D-8949-A806D29DF68D}.Ad-Hoc|x86.Build.0 = Release|Any CPU
		{6B58F81D-A7FE-4B3D-8949-A806D29DF68D}.AppStore|Any CPU.ActiveCfg = Release|Any CPU
		{6B58F81D-A7FE-4B3D-8949-A806D29DF68D}.AppStore|Any CPU.Build.0 = Release|Any CPU
		{6B58F81D-A7FE-4B3D-8949-A806D29DF68D}.AppStore|ARM.ActiveCfg = Release|Any CPU
		{6B58F81D-A7FE-4B3D-8949-A806D29DF68D}.AppStore|ARM.Build.0 = Release|Any CPU
		{6B58F81D-A7FE-4B3D-8949-A806D29DF68D}.AppStore|iPhone.ActiveCfg = Release|Any CPU
		{6B58F81D-A7FE-4B3D-8949-A806D29DF68D}.AppStore|iPhone.Build.0 = Release|Any CPU
		{6B58F81D-A7FE-4B3D-8949-A806D29DF68D}.AppStore|iPhoneSimulator.ActiveCfg = Release|Any CPU
		{6B58F81D-A7FE-4B3D-8949-A806D29DF68D}.AppStore|iPhoneSimulator.Build.0 = Release|Any CPU
		{6B58F81D-A7FE-4B3D-8949-A806D29DF68D}.AppStore|x64.ActiveCfg = Release|Any CPU
		{6B58F81D-A7FE-4B3D-8949-A806D29DF68D}.AppStore|x64.Build.0 = Release|Any CPU
		{6B58F81D-A7FE-4B3D-8949-A806D29DF68D}.AppStore|x86.ActiveCfg = Release|Any CPU
		{6B58F81D-A7FE-4B3D-8949-A806D29DF68D}.AppStore|x86.Build.0 = Release|Any CPU
		{6B58F81D-A7FE-4B3D-8949-A806D29DF68D}.Debug|Any CPU.ActiveCfg = Debug|Any CPU
		{6B58F81D-A7FE-4B3D-8949-A806D29DF68D}.Debug|Any CPU.Build.0 = Debug|Any CPU
		{6B58F81D-A7FE-4B3D-8949-A806D29DF68D}.Debug|ARM.ActiveCfg = Debug|Any CPU
		{6B58F81D-A7FE-4B3D-8949-A806D29DF68D}.Debug|ARM.Build.0 = Debug|Any CPU
		{6B58F81D-A7FE-4B3D-8949-A806D29DF68D}.Debug|iPhone.ActiveCfg = Debug|Any CPU
		{6B58F81D-A7FE-4B3D-8949-A806D29DF68D}.Debug|iPhone.Build.0 = Debug|Any CPU
		{6B58F81D-A7FE-4B3D-8949-A806D29DF68D}.Debug|iPhoneSimulator.ActiveCfg = Debug|Any CPU
		{6B58F81D-A7FE-4B3D-8949-A806D29DF68D}.Debug|iPhoneSimulator.Build.0 = Debug|Any CPU
		{6B58F81D-A7FE-4B3D-8949-A806D29DF68D}.Debug|x64.ActiveCfg = Debug|Any CPU
		{6B58F81D-A7FE-4B3D-8949-A806D29DF68D}.Debug|x64.Build.0 = Debug|Any CPU
		{6B58F81D-A7FE-4B3D-8949-A806D29DF68D}.Debug|x86.ActiveCfg = Debug|Any CPU
		{6B58F81D-A7FE-4B3D-8949-A806D29DF68D}.Debug|x86.Build.0 = Debug|Any CPU
		{6B58F81D-A7FE-4B3D-8949-A806D29DF68D}.Release|Any CPU.ActiveCfg = Release|Any CPU
		{6B58F81D-A7FE-4B3D-8949-A806D29DF68D}.Release|Any CPU.Build.0 = Release|Any CPU
		{6B58F81D-A7FE-4B3D-8949-A806D29DF68D}.Release|ARM.ActiveCfg = Release|Any CPU
		{6B58F81D-A7FE-4B3D-8949-A806D29DF68D}.Release|ARM.Build.0 = Release|Any CPU
		{6B58F81D-A7FE-4B3D-8949-A806D29DF68D}.Release|iPhone.ActiveCfg = Release|Any CPU
		{6B58F81D-A7FE-4B3D-8949-A806D29DF68D}.Release|iPhone.Build.0 = Release|Any CPU
		{6B58F81D-A7FE-4B3D-8949-A806D29DF68D}.Release|iPhoneSimulator.ActiveCfg = Release|Any CPU
		{6B58F81D-A7FE-4B3D-8949-A806D29DF68D}.Release|iPhoneSimulator.Build.0 = Release|Any CPU
		{6B58F81D-A7FE-4B3D-8949-A806D29DF68D}.Release|x64.ActiveCfg = Release|Any CPU
		{6B58F81D-A7FE-4B3D-8949-A806D29DF68D}.Release|x64.Build.0 = Release|Any CPU
		{6B58F81D-A7FE-4B3D-8949-A806D29DF68D}.Release|x86.ActiveCfg = Release|Any CPU
		{6B58F81D-A7FE-4B3D-8949-A806D29DF68D}.Release|x86.Build.0 = Release|Any CPU
		{A7F24162-9824-42D9-AE4D-B49410030334}.Ad-Hoc|Any CPU.ActiveCfg = Release|Any CPU
		{A7F24162-9824-42D9-AE4D-B49410030334}.Ad-Hoc|Any CPU.Build.0 = Release|Any CPU
		{A7F24162-9824-42D9-AE4D-B49410030334}.Ad-Hoc|ARM.ActiveCfg = Release|Any CPU
		{A7F24162-9824-42D9-AE4D-B49410030334}.Ad-Hoc|ARM.Build.0 = Release|Any CPU
		{A7F24162-9824-42D9-AE4D-B49410030334}.Ad-Hoc|iPhone.ActiveCfg = Release|Any CPU
		{A7F24162-9824-42D9-AE4D-B49410030334}.Ad-Hoc|iPhone.Build.0 = Release|Any CPU
		{A7F24162-9824-42D9-AE4D-B49410030334}.Ad-Hoc|iPhoneSimulator.ActiveCfg = Release|Any CPU
		{A7F24162-9824-42D9-AE4D-B49410030334}.Ad-Hoc|iPhoneSimulator.Build.0 = Release|Any CPU
		{A7F24162-9824-42D9-AE4D-B49410030334}.Ad-Hoc|x64.ActiveCfg = Release|Any CPU
		{A7F24162-9824-42D9-AE4D-B49410030334}.Ad-Hoc|x64.Build.0 = Release|Any CPU
		{A7F24162-9824-42D9-AE4D-B49410030334}.Ad-Hoc|x86.ActiveCfg = Release|Any CPU
		{A7F24162-9824-42D9-AE4D-B49410030334}.Ad-Hoc|x86.Build.0 = Release|Any CPU
		{A7F24162-9824-42D9-AE4D-B49410030334}.AppStore|Any CPU.ActiveCfg = Release|Any CPU
		{A7F24162-9824-42D9-AE4D-B49410030334}.AppStore|Any CPU.Build.0 = Release|Any CPU
		{A7F24162-9824-42D9-AE4D-B49410030334}.AppStore|ARM.ActiveCfg = Release|Any CPU
		{A7F24162-9824-42D9-AE4D-B49410030334}.AppStore|ARM.Build.0 = Release|Any CPU
		{A7F24162-9824-42D9-AE4D-B49410030334}.AppStore|iPhone.ActiveCfg = Release|Any CPU
		{A7F24162-9824-42D9-AE4D-B49410030334}.AppStore|iPhone.Build.0 = Release|Any CPU
		{A7F24162-9824-42D9-AE4D-B49410030334}.AppStore|iPhoneSimulator.ActiveCfg = Release|Any CPU
		{A7F24162-9824-42D9-AE4D-B49410030334}.AppStore|iPhoneSimulator.Build.0 = Release|Any CPU
		{A7F24162-9824-42D9-AE4D-B49410030334}.AppStore|x64.ActiveCfg = Release|Any CPU
		{A7F24162-9824-42D9-AE4D-B49410030334}.AppStore|x64.Build.0 = Release|Any CPU
		{A7F24162-9824-42D9-AE4D-B49410030334}.AppStore|x86.ActiveCfg = Release|Any CPU
		{A7F24162-9824-42D9-AE4D-B49410030334}.AppStore|x86.Build.0 = Release|Any CPU
		{A7F24162-9824-42D9-AE4D-B49410030334}.Debug|Any CPU.ActiveCfg = Debug|Any CPU
		{A7F24162-9824-42D9-AE4D-B49410030334}.Debug|Any CPU.Build.0 = Debug|Any CPU
		{A7F24162-9824-42D9-AE4D-B49410030334}.Debug|ARM.ActiveCfg = Debug|Any CPU
		{A7F24162-9824-42D9-AE4D-B49410030334}.Debug|ARM.Build.0 = Debug|Any CPU
		{A7F24162-9824-42D9-AE4D-B49410030334}.Debug|iPhone.ActiveCfg = Debug|Any CPU
		{A7F24162-9824-42D9-AE4D-B49410030334}.Debug|iPhone.Build.0 = Debug|Any CPU
		{A7F24162-9824-42D9-AE4D-B49410030334}.Debug|iPhoneSimulator.ActiveCfg = Debug|Any CPU
		{A7F24162-9824-42D9-AE4D-B49410030334}.Debug|iPhoneSimulator.Build.0 = Debug|Any CPU
		{A7F24162-9824-42D9-AE4D-B49410030334}.Debug|x64.ActiveCfg = Debug|Any CPU
		{A7F24162-9824-42D9-AE4D-B49410030334}.Debug|x64.Build.0 = Debug|Any CPU
		{A7F24162-9824-42D9-AE4D-B49410030334}.Debug|x86.ActiveCfg = Debug|Any CPU
		{A7F24162-9824-42D9-AE4D-B49410030334}.Debug|x86.Build.0 = Debug|Any CPU
		{A7F24162-9824-42D9-AE4D-B49410030334}.Release|Any CPU.ActiveCfg = Release|Any CPU
		{A7F24162-9824-42D9-AE4D-B49410030334}.Release|Any CPU.Build.0 = Release|Any CPU
		{A7F24162-9824-42D9-AE4D-B49410030334}.Release|ARM.ActiveCfg = Release|Any CPU
		{A7F24162-9824-42D9-AE4D-B49410030334}.Release|ARM.Build.0 = Release|Any CPU
		{A7F24162-9824-42D9-AE4D-B49410030334}.Release|iPhone.ActiveCfg = Release|Any CPU
		{A7F24162-9824-42D9-AE4D-B49410030334}.Release|iPhone.Build.0 = Release|Any CPU
		{A7F24162-9824-42D9-AE4D-B49410030334}.Release|iPhoneSimulator.ActiveCfg = Release|Any CPU
		{A7F24162-9824-42D9-AE4D-B49410030334}.Release|iPhoneSimulator.Build.0 = Release|Any CPU
		{A7F24162-9824-42D9-AE4D-B49410030334}.Release|x64.ActiveCfg = Release|Any CPU
		{A7F24162-9824-42D9-AE4D-B49410030334}.Release|x64.Build.0 = Release|Any CPU
		{A7F24162-9824-42D9-AE4D-B49410030334}.Release|x86.ActiveCfg = Release|Any CPU
		{A7F24162-9824-42D9-AE4D-B49410030334}.Release|x86.Build.0 = Release|Any CPU
	EndGlobalSection
	GlobalSection(SolutionProperties) = preSolution
		HideSolutionNode = FALSE
	EndGlobalSection
EndGlobal
